
Microsoft Visual Studio Solution File, Format Version 12.00
# Visual Studio Version 17
VisualStudioVersion = 17.5.33530.505
MinimumVisualStudioVersion = 10.0.40219.1
Project("{FAE04EC0-301F-11D3-BF4B-00C04F79EFBC}") = "ödev", "ödev\ödev.csproj", "{8E399078-56B7-4C32-A428-39570410B13E}"
EndProject
Global
	GlobalSection(SolutionConfigurationPlatforms) = preSolution
		Debug|Any CPU = Debug|Any CPU
		Release|Any CPU = Release|Any CPU
	EndGlobalSection
	GlobalSection(ProjectConfigurationPlatforms) = postSolution
		{8E399078-56B7-4C32-A428-39570410B13E}.Debug|Any CPU.ActiveCfg = Debug|Any CPU
		{8E399078-56B7-4C32-A428-39570410B13E}.Debug|Any CPU.Build.0 = Debug|Any CPU
		{8E399078-56B7-4C32-A428-39570410B13E}.Release|Any CPU.ActiveCfg = Release|Any CPU
		{8E399078-56B7-4C32-A428-39570410B13E}.Release|Any CPU.Build.0 = Release|Any CPU
	EndGlobalSection
	GlobalSection(SolutionProperties) = preSolution
		HideSolutionNode = FALSE
	EndGlobalSection
	GlobalSection(ExtensibilityGlobals) = postSolution
		SolutionGuid = {36E444E9-4BE1-4D98-AD4E-F84E571EFB06}
	EndGlobalSection
EndGlobal
